
Microsoft Visual Studio Solution File, Format Version 12.00
# Visual Studio Version 17
VisualStudioVersion = 17.9.34607.119
MinimumVisualStudioVersion = 10.0.40219.1
Project("{FAE04EC0-301F-11D3-BF4B-00C04F79EFBC}") = "ProyectoPOO", "ProyectoPOO\ProyectoPOO.csproj", "{9ED7C656-136B-4F60-B585-3819EDA723A4}"
EndProject
Project("{2150E333-8FDC-42A3-9474-1A3956D46DE8}") = "Elementos de la solución", "Elementos de la solución", "{141FF5AE-6741-47B6-9F2A-173581BB6222}"
EndProject
Global
	GlobalSection(SolutionConfigurationPlatforms) = preSolution
		Debug|Any CPU = Debug|Any CPU
		Release|Any CPU = Release|Any CPU
	EndGlobalSection
	GlobalSection(ProjectConfigurationPlatforms) = postSolution
		{9ED7C656-136B-4F60-B585-3819EDA723A4}.Debug|Any CPU.ActiveCfg = Debug|Any CPU
		{9ED7C656-136B-4F60-B585-3819EDA723A4}.Debug|Any CPU.Build.0 = Debug|Any CPU
		{9ED7C656-136B-4F60-B585-3819EDA723A4}.Release|Any CPU.ActiveCfg = Release|Any CPU
		{9ED7C656-136B-4F60-B585-3819EDA723A4}.Release|Any CPU.Build.0 = Release|Any CPU
	EndGlobalSection
	GlobalSection(SolutionProperties) = preSolution
		HideSolutionNode = FALSE
	EndGlobalSection
	GlobalSection(ExtensibilityGlobals) = postSolution
		SolutionGuid = {5946CE94-3D35-4CF7-8F91-5BC0566EB9D9}
	EndGlobalSection
EndGlobal
